<?xml version="1.0" encoding="utf-8"?>
<Project ToolsVersion="4.0" xmlns="http://schemas.microsoft.com/developer/msbuild/2003">
  <ItemGroup>
    <Filter Include="资源文件">
      <UniqueIdentifier>{67DA6AB6-F800-4c08-8B7A-83BB121AAD01}</UniqueIdentifier>
      <Extensions>rc;ico;cur;bmp;dlg;rc2;rct;bin;rgs;gif;jpg;jpeg;jpe;resx;tiff;tif;png;wav;mfcribbon-ms</Extensions>
    </Filter>
    <Filter Include="util">
      <UniqueIdentifier>{ae03bd20-975e-48a2-88bc-7dc1262cbb6c}</UniqueIdentifier>
    </Filter>
    <Filter Include="util\include">
      <UniqueIdentifier>{5f0a2df3-11ea-41db-be23-38eac66fa5dc}</UniqueIdentifier>
    </Filter>
    <Filter Include="util\src">
      <UniqueIdentifier>{11cebfde-f438-4e51-af93-c2cb791994da}</UniqueIdentifier>
    </Filter>
    <Filter Include="util\include\util">
      <UniqueIdentifier>{1856ba6c-0261-4316-a1df-3a5322865422}</UniqueIdentifier>
    </Filter>
    <Filter Include="util\include\util\asm">
      <UniqueIdentifier>{561acf93-df84-406b-b3e7-9af3eeb69561}</UniqueIdentifier>
    </Filter>
    <Filter Include="util\src\epoll_windows">
      <UniqueIdentifier>{bab3575e-562a-4820-ad72-6d0957c38b25}</UniqueIdentifier>
    </Filter>
    <Filter Include="util\src\epoll_windows\src">
      <UniqueIdentifier>{f71cf9ae-366e-406a-aeb7-3f863d875d5a}</UniqueIdentifier>
    </Filter>
    <Filter Include="util\src\epoll_windows\sys">
      <UniqueIdentifier>{394841d3-ac1e-4827-a7c7-152411b50e39}</UniqueIdentifier>
    </Filter>
    <Filter Include="util\src\epoll_windows\test">
      <UniqueIdentifier>{2c4cfa35-5f63-41ef-87e3-21e28d971319}</UniqueIdentifier>
    </Filter>
    <Filter Include="tools">
      <UniqueIdentifier>{6057c9c4-c75e-454d-bc93-583a8906d09a}</UniqueIdentifier>
    </Filter>
    <Filter Include="tools\kant2cpp">
      <UniqueIdentifier>{addec2b3-7118-4bc0-8590-76a575eec1e1}</UniqueIdentifier>
    </Filter>
    <Filter Include="tools\kantparse">
      <UniqueIdentifier>{63f45167-4979-4778-9042-e5a2bd1195b2}</UniqueIdentifier>
    </Filter>
    <Filter Include="tools\kantgrammar">
      <UniqueIdentifier>{8c95737f-3722-4294-a133-8d15c7aed718}</UniqueIdentifier>
    </Filter>
    <Filter Include="servant">
      <UniqueIdentifier>{42c370aa-7c9d-4e4a-9941-6154c6ed903f}</UniqueIdentifier>
    </Filter>
    <Filter Include="servant\tup">
      <UniqueIdentifier>{606fe245-c134-4bba-a7b0-91e0560b7309}</UniqueIdentifier>
    </Filter>
    <Filter Include="servant\servant">
      <UniqueIdentifier>{472ceb30-cf63-403d-8138-4426c853e14b}</UniqueIdentifier>
    </Filter>
    <Filter Include="servant\libservant">
      <UniqueIdentifier>{6e4f2da0-cc0f-4f72-b15b-157bd5ca151a}</UniqueIdentifier>
    </Filter>
    <Filter Include="servant\protocol">
      <UniqueIdentifier>{7db456ea-de58-4235-9ca3-ad953bc07293}</UniqueIdentifier>
    </Filter>
    <Filter Include="servant\protocol\servant">
      <UniqueIdentifier>{cbeae0c7-8e3f-4639-82d4-9a3e4d35dda7}</UniqueIdentifier>
    </Filter>
    <Filter Include="servant\promise">
      <UniqueIdentifier>{e7c9f816-c0f5-4009-9073-c0948ec0ccbb}</UniqueIdentifier>
    </Filter>
    <Filter Include="examples">
      <UniqueIdentifier>{3e9dd969-25b1-4052-a1c4-01051e8392fb}</UniqueIdentifier>
    </Filter>
    <Filter Include="examples\CoroutineDemo">
      <UniqueIdentifier>{aec75c4e-41ef-4c7d-8cdc-7e0da8e0abe7}</UniqueIdentifier>
    </Filter>
    <Filter Include="examples\CoroutineDemo\AServer">
      <UniqueIdentifier>{694c048d-1006-43d2-925c-60347824c6d8}</UniqueIdentifier>
    </Filter>
    <Filter Include="examples\CoroutineDemo\BServer">
      <UniqueIdentifier>{9a6d3bdb-3eec-49d8-833d-51a26226c295}</UniqueIdentifier>
    </Filter>
    <Filter Include="examples\CoroutineDemo\client">
      <UniqueIdentifier>{e76744e2-8195-4c32-8d06-873992627bf5}</UniqueIdentifier>
    </Filter>
    <Filter Include="examples\CoroutineDemo\testCoro">
      <UniqueIdentifier>{e61bef4b-12a4-4535-a154-0aaa65a8581e}</UniqueIdentifier>
    </Filter>
    <Filter Include="examples\CoroutineDemo\testParallelCoro">
      <UniqueIdentifier>{4d07cb27-0e4b-4a77-8b4f-88438f5ba841}</UniqueIdentifier>
    </Filter>
    <Filter Include="cmake">
      <UniqueIdentifier>{cf0c5b39-33aa-4068-8f52-88a95d022111}</UniqueIdentifier>
    </Filter>
    <Filter Include="examples\AuthDemo">
      <UniqueIdentifier>{54fc1507-1aad-4ec2-9cd1-c18220a3c676}</UniqueIdentifier>
    </Filter>
    <Filter Include="examples\AuthDemo\Client">
      <UniqueIdentifier>{be82e54d-f1cf-4e4d-b218-0fc5457a1eb7}</UniqueIdentifier>
    </Filter>
    <Filter Include="examples\AuthDemo\Server">
      <UniqueIdentifier>{d697f1ec-7545-4773-b4be-5f068f712cdf}</UniqueIdentifier>
    </Filter>
    <Filter Include="examples\scripts">
      <UniqueIdentifier>{06df6a1d-1751-43dd-82f7-05e04f397e07}</UniqueIdentifier>
    </Filter>
  </ItemGroup>
  <ItemGroup>
    <ClInclude Include="..\..\kantcpp\util\include\util\kt_ex.h">
      <Filter>util\include\util</Filter>
    </ClInclude>
    <ClInclude Include="..\..\kantcpp\util\include\util\kt_platform.h">
      <Filter>util\include\util</Filter>
    </ClInclude>
    <ClInclude Include="..\..\kantcpp\util\include\util\kt_common.h">
      <Filter>util\include\util</Filter>
    </ClInclude>
    <ClInclude Include="..\..\kantcpp\util\include\util\kt_port.h">
      <Filter>util\include\util</Filter>
    </ClInclude>
    <ClInclude Include="..\..\kantcpp\util\include\util\kt_strptime.h">
      <Filter>util\include\util</Filter>
    </ClInclude>
    <ClInclude Include="..\..\kantcpp\util\include\util\kt_file.h">
      <Filter>util\include\util</Filter>
    </ClInclude>
    <ClInclude Include="..\..\kantcpp\util\include\util\kt_thread_queue.h">
      <Filter>util\include\util</Filter>
    </ClInclude>
    <ClInclude Include="..\..\kantcpp\util\include\util\kt_cas_queue.h">
      <Filter>util\include\util</Filter>
    </ClInclude>
    <ClInclude Include="..\..\kantcpp\util\include\util\kt_lock.h">
      <Filter>util\include\util</Filter>
    </ClInclude>
    <ClInclude Include="..\..\kantcpp\util\include\util\kt_spin_lock.h">
      <Filter>util\include\util</Filter>
    </ClInclude>
    <ClInclude Include="..\..\kantcpp\util\include\util\kt_logger.h">
      <Filter>util\include\util</Filter>
    </ClInclude>
    <ClInclude Include="..\..\kantcpp\util\include\util\kt_monitor.h">
      <Filter>util\include\util</Filter>
    </ClInclude>
    <ClInclude Include="..\..\kantcpp\util\include\util\kt_thread.h">
      <Filter>util\include\util</Filter>
    </ClInclude>
    <ClInclude Include="..\..\kantcpp\util\include\util\kt_thread_mutex.h">
      <Filter>util\include\util</Filter>
    </ClInclude>
    <ClInclude Include="..\..\kantcpp\util\include\util\kt_thread_cond.h">
      <Filter>util\include\util</Filter>
    </ClInclude>
    <ClInclude Include="..\..\kantcpp\util\include\util\kt_coroutine.h">
      <Filter>util\include\util</Filter>
    </ClInclude>
    <ClInclude Include="..\..\kantcpp\util\include\util\kt_timeprovider.h">
      <Filter>util\include\util</Filter>
    </ClInclude>
    <ClInclude Include="..\..\kantcpp\util\include\util\kt_fcontext.h">
      <Filter>util\include\util</Filter>
    </ClInclude>
    <ClInclude Include="..\..\kantcpp\util\include\util\kt_timer.h">
      <Filter>util\include\util</Filter>
    </ClInclude>
    <ClInclude Include="..\..\kantcpp\util\include\util\kt_thread_pool.h">
      <Filter>util\include\util</Filter>
    </ClInclude>
    <ClInclude Include="..\..\kantcpp\util\include\util\kt_cron.h">
      <Filter>util\include\util</Filter>
    </ClInclude>
    <ClInclude Include="..\..\kantcpp\util\include\util\kt_socket.h">
      <Filter>util\include\util</Filter>
    </ClInclude>
    <ClInclude Include="..\..\kantcpp\util\include\util\kt_clientsocket.h">
      <Filter>util\include\util</Filter>
    </ClInclude>
    <ClInclude Include="..\..\kantcpp\util\include\util\kt_epoller.h">
      <Filter>util\include\util</Filter>
    </ClInclude>
    <ClInclude Include="..\..\kantcpp\util\src\epoll_windows\sys\epoll.h">
      <Filter>util\src\epoll_windows\sys</Filter>
    </ClInclude>
    <ClInclude Include="..\..\kantcpp\util\src\epoll_windows\src\msafd.h">
      <Filter>util\src\epoll_windows\src</Filter>
    </ClInclude>
    <ClInclude Include="..\..\kantcpp\util\src\epoll_windows\src\ntapi.h">
      <Filter>util\src\epoll_windows\src</Filter>
    </ClInclude>
    <ClInclude Include="..\..\kantcpp\util\include\util\kt_network_buffer.h">
      <Filter>util\include\util</Filter>
    </ClInclude>
    <ClInclude Include="..\..\kantcpp\util\include\util\kt_http.h">
      <Filter>util\include\util</Filter>
    </ClInclude>
    <ClInclude Include="..\..\kantcpp\util\include\util\kt_timeout_queue.h">
      <Filter>util\include\util</Filter>
    </ClInclude>
    <ClInclude Include="..\..\kantcpp\util\include\util\kt_openssl.h">
      <Filter>util\include\util</Filter>
    </ClInclude>
    <ClInclude Include="..\..\kantcpp\util\include\util\kt_singleton.h">
      <Filter>util\include\util</Filter>
    </ClInclude>
    <ClInclude Include="..\..\kantcpp\util\include\util\kt_config.h">
      <Filter>util\include\util</Filter>
    </ClInclude>
    <ClInclude Include="..\..\kantcpp\util\include\util\kt_uuid_generator.h">
      <Filter>util\include\util</Filter>
    </ClInclude>
    <ClInclude Include="..\..\kantcpp\tools\kant2cpp\kant2cpp.h">
      <Filter>tools\kant2cpp</Filter>
    </ClInclude>
    <ClInclude Include="..\..\kantcpp\util\include\util\kt_md5.h">
      <Filter>util\include\util</Filter>
    </ClInclude>
    <ClInclude Include="..\..\kantcpp\util\include\util\kt_option.h">
      <Filter>util\include\util</Filter>
    </ClInclude>
    <ClInclude Include="..\..\kantcpp\tools\kantparse\element.h">
      <Filter>tools\kantparse</Filter>
    </ClInclude>
    <ClInclude Include="..\..\kantcpp\tools\kantparse\parse.h">
      <Filter>tools\kantparse</Filter>
    </ClInclude>
    <ClInclude Include="..\..\kantcpp\tools\kantparse\kant.tab.hpp">
      <Filter>tools\kantparse</Filter>
    </ClInclude>
    <ClInclude Include="..\..\kantcpp\servant\tup\KantType.h">
      <Filter>servant\tup</Filter>
    </ClInclude>
    <ClInclude Include="..\..\kantcpp\servant\tup\Kant.h">
      <Filter>servant\tup</Filter>
    </ClInclude>
    <ClInclude Include="..\..\kantcpp\servant\tup\KantJson.h">
      <Filter>servant\tup</Filter>
    </ClInclude>
    <ClInclude Include="..\..\kantcpp\util\include\util\kt_json.h">
      <Filter>util\include\util</Filter>
    </ClInclude>
    <ClInclude Include="..\..\kantcpp\servant\tup\KantDisplayer.h">
      <Filter>servant\tup</Filter>
    </ClInclude>
    <ClInclude Include="..\..\kantcpp\servant\tup\KantXml.h">
      <Filter>servant\tup</Filter>
    </ClInclude>
    <ClInclude Include="..\..\kantcpp\util\include\util\kt_xml.h">
      <Filter>util\include\util</Filter>
    </ClInclude>
    <ClInclude Include="..\..\kantcpp\servant\tup\RequestF.h">
      <Filter>servant\tup</Filter>
    </ClInclude>
    <ClInclude Include="..\..\kantcpp\servant\servant\Global.h">
      <Filter>servant\servant</Filter>
    </ClInclude>
    <ClInclude Include="..\..\kantcpp\servant\servant\RemoteLogger.h">
      <Filter>servant\servant</Filter>
    </ClInclude>
    <ClInclude Include="..\..\kantcpp\servant\servant\PropertyReport.h">
      <Filter>servant\servant</Filter>
    </ClInclude>
    <ClInclude Include="..\..\kantcpp\servant\servant\BaseF.h">
      <Filter>servant\servant</Filter>
    </ClInclude>
    <ClInclude Include="..\..\kantcpp\servant\servant\LogF.h">
      <Filter>servant\servant</Filter>
    </ClInclude>
    <ClInclude Include="..\..\kantcpp\servant\promise\bind.h">
      <Filter>servant\promise</Filter>
    </ClInclude>
    <ClInclude Include="..\..\kantcpp\servant\promise\bind_internal.h">
      <Filter>servant\promise</Filter>
    </ClInclude>
    <ClInclude Include="..\..\kantcpp\servant\promise\callback.h">
      <Filter>servant\promise</Filter>
    </ClInclude>
    <ClInclude Include="..\..\kantcpp\servant\promise\exception.h">
      <Filter>servant\promise</Filter>
    </ClInclude>
    <ClInclude Include="..\..\kantcpp\servant\promise\function.h">
      <Filter>servant\promise</Filter>
    </ClInclude>
    <ClInclude Include="..\..\kantcpp\servant\promise\promise.h">
      <Filter>servant\promise</Filter>
    </ClInclude>
    <ClInclude Include="..\..\kantcpp\servant\promise\template_helper.h">
      <Filter>servant\promise</Filter>
    </ClInclude>
    <ClInclude Include="..\..\kantcpp\servant\promise\type_list.h">
      <Filter>servant\promise</Filter>
    </ClInclude>
    <ClInclude Include="..\..\kantcpp\servant\promise\when_all.h">
      <Filter>servant\promise</Filter>
    </ClInclude>
    <ClInclude Include="..\..\kantcpp\servant\servant\AdminServant.h">
      <Filter>servant\servant</Filter>
    </ClInclude>
    <ClInclude Include="..\..\kantcpp\servant\servant\AppCache.h">
      <Filter>servant\servant</Filter>
    </ClInclude>
    <ClInclude Include="..\..\kantcpp\servant\servant\Application.h">
      <Filter>servant\servant</Filter>
    </ClInclude>
    <ClInclude Include="..\..\kantcpp\servant\servant\AppProtocol.h">
      <Filter>servant\servant</Filter>
    </ClInclude>
    <ClInclude Include="..\..\kantcpp\servant\servant\AsyncProcThread.h">
      <Filter>servant\servant</Filter>
    </ClInclude>
    <ClInclude Include="..\..\kantcpp\servant\servant\AuthLogic.h">
      <Filter>servant\servant</Filter>
    </ClInclude>
    <ClInclude Include="..\..\kantcpp\servant\servant\AdapterProxy.h">
      <Filter>servant\servant</Filter>
    </ClInclude>
    <ClInclude Include="..\..\kantcpp\servant\servant\Communicator.h">
      <Filter>servant\servant</Filter>
    </ClInclude>
    <ClInclude Include="..\..\kantcpp\servant\servant\CommunicatorEpoll.h">
      <Filter>servant\servant</Filter>
    </ClInclude>
    <ClInclude Include="..\..\kantcpp\servant\servant\CommunicatorFactory.h">
      <Filter>servant\servant</Filter>
    </ClInclude>
    <ClInclude Include="..\..\kantcpp\servant\servant\Cookie.h">
      <Filter>servant\servant</Filter>
    </ClInclude>
    <ClInclude Include="..\..\kantcpp\servant\servant\Current.h">
      <Filter>servant\servant</Filter>
    </ClInclude>
    <ClInclude Include="..\..\kantcpp\servant\servant\EndpointInfo.h">
      <Filter>servant\servant</Filter>
    </ClInclude>
    <ClInclude Include="..\..\kantcpp\servant\servant\EndpointManager.h">
      <Filter>servant\servant</Filter>
    </ClInclude>
    <ClInclude Include="..\..\kantcpp\servant\servant\BaseNotify.h">
      <Filter>servant\servant</Filter>
    </ClInclude>
    <ClInclude Include="..\..\kantcpp\servant\servant\RemoteNotify.h">
      <Filter>servant\servant</Filter>
    </ClInclude>
    <ClInclude Include="..\..\kantcpp\servant\servant\Servant.h">
      <Filter>servant\servant</Filter>
    </ClInclude>
    <ClInclude Include="..\..\kantcpp\servant\servant\ServantHandle.h">
      <Filter>servant\servant</Filter>
    </ClInclude>
    <ClInclude Include="..\..\kantcpp\servant\servant\ServantHelper.h">
      <Filter>servant\servant</Filter>
    </ClInclude>
    <ClInclude Include="..\..\kantcpp\servant\servant\ServantProxy.h">
      <Filter>servant\servant</Filter>
    </ClInclude>
    <ClInclude Include="..\..\kantcpp\servant\servant\ServantProxyFactory.h">
      <Filter>servant\servant</Filter>
    </ClInclude>
    <ClInclude Include="..\..\kantcpp\servant\servant\StatReport.h">
      <Filter>servant\servant</Filter>
    </ClInclude>
    <ClInclude Include="..\..\kantcpp\servant\servant\KeepAliveNodeF.h">
      <Filter>servant\servant</Filter>
    </ClInclude>
    <ClInclude Include="..\..\kantcpp\servant\servant\Message.h">
      <Filter>servant\servant</Filter>
    </ClInclude>
    <ClInclude Include="..\..\kantcpp\servant\servant\NotifyObserver.h">
      <Filter>servant\servant</Filter>
    </ClInclude>
    <ClInclude Include="..\..\kantcpp\servant\servant\ObjectProxy.h">
      <Filter>servant\servant</Filter>
    </ClInclude>
    <ClInclude Include="..\..\kantcpp\servant\servant\ObjectProxyFactory.h">
      <Filter>servant\servant</Filter>
    </ClInclude>
    <ClInclude Include="..\..\kantcpp\servant\servant\RemoteConfig.h">
      <Filter>servant\servant</Filter>
    </ClInclude>
    <ClInclude Include="..\..\kantcpp\util\include\util\kt_epoll_server.h">
      <Filter>util\include\util</Filter>
    </ClInclude>
    <ClInclude Include="..\..\kantcpp\util\include\util\kt_transceiver.h">
      <Filter>util\include\util</Filter>
    </ClInclude>
    <ClInclude Include="..\..\kantcpp\util\include\util\kt_proxy_info.h">
      <Filter>util\include\util</Filter>
    </ClInclude>
    <ClInclude Include="..\..\kantcpp\util\include\util\kt_base64.h">
      <Filter>util\include\util</Filter>
    </ClInclude>
    <ClInclude Include="..\..\kantcpp\util\include\util\kt_loop_queue.h">
      <Filter>util\include\util</Filter>
    </ClInclude>
    <ClInclude Include="..\..\kantcpp\servant\tup\tup.h">
      <Filter>servant\tup</Filter>
    </ClInclude>
    <ClInclude Include="..\..\kantcpp\servant\servant\EndpointF.h">
      <Filter>servant\servant</Filter>
    </ClInclude>
    <ClInclude Include="..\..\kantcpp\util\include\util\kt_readers_writer_data.h">
      <Filter>util\include\util</Filter>
    </ClInclude>
    <ClInclude Include="..\..\kantcpp\servant\servant\StatF.h">
      <Filter>servant\servant</Filter>
    </ClInclude>
    <ClInclude Include="..\..\kantcpp\servant\servant\PropertyF.h">
      <Filter>servant\servant</Filter>
    </ClInclude>
    <ClInclude Include="..\..\kantcpp\util\include\util\kt_thread_rwlock.h">
      <Filter>util\include\util</Filter>
    </ClInclude>
    <ClInclude Include="..\..\kantcpp\servant\servant\ConfigF.h">
      <Filter>servant\servant</Filter>
    </ClInclude>
    <ClInclude Include="..\..\kantcpp\servant\servant\KantLogger.h">
      <Filter>servant\servant</Filter>
    </ClInclude>
    <ClInclude Include="..\..\kantcpp\util\include\util\kt_timeout_queue_map.h">
      <Filter>util\include\util</Filter>
    </ClInclude>
    <ClInclude Include="..\..\kantcpp\util\include\util\kt_timeout_queue_new.h">
      <Filter>util\include\util</Filter>
    </ClInclude>
    <ClInclude Include="..\..\kantcpp\util\include\util\kt_timeout_queue_noid.h">
      <Filter>util\include\util</Filter>
    </ClInclude>
    <ClInclude Include="..\..\kantcpp\util\include\util\kt_consistent_hash.h">
      <Filter>util\include\util</Filter>
    </ClInclude>
    <ClInclude Include="..\..\kantcpp\util\include\util\kt_des.h">
      <Filter>util\include\util</Filter>
    </ClInclude>
    <ClInclude Include="..\..\kantcpp\util\include\util\kt_shm.h">
      <Filter>util\include\util</Filter>
    </ClInclude>
    <ClInclude Include="..\..\kantcpp\util\include\util\kt_sha.h">
      <Filter>util\include\util</Filter>
    </ClInclude>
    <ClInclude Include="..\..\kantcpp\util\include\util\kt_consistent_hash_new.h">
      <Filter>util\include\util</Filter>
    </ClInclude>
    <ClInclude Include="..\..\kantcpp\util\include\util\kt_hashmap.h">
      <Filter>util\include\util</Filter>
    </ClInclude>
    <ClInclude Include="..\..\kantcpp\util\include\util\kt_hashmap_compact.h">
      <Filter>util\include\util</Filter>
    </ClInclude>
    <ClInclude Include="..\..\kantcpp\util\include\util\kt_hash_fun.h">
      <Filter>util\include\util</Filter>
    </ClInclude>
    <ClInclude Include="..\..\kantcpp\util\include\util\kt_mem_queue.h">
      <Filter>util\include\util</Filter>
    </ClInclude>
    <ClInclude Include="..\..\kantcpp\util\include\util\kt_mem_vector.h">
      <Filter>util\include\util</Filter>
    </ClInclude>
    <ClInclude Include="..\..\kantcpp\util\include\util\kt_mmap.h">
      <Filter>util\include\util</Filter>
    </ClInclude>
    <ClInclude Include="..\..\kantcpp\util\include\util\kt_mem_chunk.h">
      <Filter>util\include\util</Filter>
    </ClInclude>
    <ClInclude Include="..\..\kantcpp\util\include\util\kt_grpc.h">
      <Filter>util\include\util</Filter>
    </ClInclude>
    <ClInclude Include="..\..\kantcpp\util\include\util\kt_http2.h">
      <Filter>util\include\util</Filter>
    </ClInclude>
    <ClInclude Include="..\..\kantcpp\servant\servant\AdminF.h">
      <Filter>servant\servant</Filter>
    </ClInclude>
    <ClInclude Include="..\..\kantcpp\servant\servant\NodeF.h">
      <Filter>servant\servant</Filter>
    </ClInclude>
    <ClInclude Include="..\..\kantcpp\servant\servant\NotifyF.h">
      <Filter>servant\servant</Filter>
    </ClInclude>
    <ClInclude Include="..\..\kantcpp\servant\servant\QueryF.h">
      <Filter>servant\servant</Filter>
    </ClInclude>
    <ClInclude Include="..\..\kantcpp\examples\CoroutineDemo\AServer\AServantImp.h">
      <Filter>examples\CoroutineDemo\AServer</Filter>
    </ClInclude>
    <ClInclude Include="..\..\kantcpp\examples\CoroutineDemo\AServer\AServer.h">
      <Filter>examples\CoroutineDemo\AServer</Filter>
    </ClInclude>
    <ClInclude Include="..\..\kantcpp\examples\CoroutineDemo\BServer\BServantImp.h">
      <Filter>examples\CoroutineDemo\BServer</Filter>
    </ClInclude>
    <ClInclude Include="..\..\kantcpp\examples\CoroutineDemo\BServer\BServer.h">
      <Filter>examples\CoroutineDemo\BServer</Filter>
    </ClInclude>
    <ClInclude Include="..\..\kantcpp\examples\CoroutineDemo\AServer\AServant.h">
      <Filter>examples\CoroutineDemo\AServer</Filter>
    </ClInclude>
    <ClInclude Include="..\..\kantcpp\examples\CoroutineDemo\BServer\BServant.h">
      <Filter>examples\CoroutineDemo\BServer</Filter>
    </ClInclude>
    <ClInclude Include="..\..\kantcpp\examples\AuthDemo\Server\HelloImp.h">
      <Filter>examples\AuthDemo\Server</Filter>
    </ClInclude>
    <ClInclude Include="..\..\kantcpp\examples\AuthDemo\Server\HelloServer.h">
      <Filter>examples\AuthDemo\Server</Filter>
    </ClInclude>
    <ClInclude Include="..\..\kantcpp\examples\AuthDemo\Server\Hello.h">
      <Filter>examples\AuthDemo\Server</Filter>
    </ClInclude>
  </ItemGroup>
  <ItemGroup>
    <ClCompile Include="..\..\kantcpp\util\src\kt_ex.cpp">
      <Filter>util\src</Filter>
    </ClCompile>
    <ClCompile Include="..\..\kantcpp\util\src\kt_common.cpp">
      <Filter>util\src</Filter>
    </ClCompile>
    <ClCompile Include="..\..\kantcpp\util\src\kt_port.cpp">
      <Filter>util\src</Filter>
    </ClCompile>
    <ClCompile Include="..\..\kantcpp\util\src\kt_strptime.cpp">
      <Filter>util\src</Filter>
    </ClCompile>
    <ClCompile Include="..\..\kantcpp\util\src\kt_file.cpp">
      <Filter>util\src</Filter>
    </ClCompile>
    <ClCompile Include="..\..\kantcpp\util\src\kt_thread_queue.cpp">
      <Filter>util\src</Filter>
    </ClCompile>
    <ClCompile Include="..\..\kantcpp\util\src\kt_spin_lock.cpp">
      <Filter>util\src</Filter>
    </ClCompile>
    <ClCompile Include="..\..\kantcpp\util\src\kt_thread_mutex.cpp">
      <Filter>util\src</Filter>
    </ClCompile>
    <ClCompile Include="..\..\kantcpp\util\src\kt_thread_cond.cpp">
      <Filter>util\src</Filter>
    </ClCompile>
    <ClCompile Include="..\..\kantcpp\util\src\kt_thread.cpp">
      <Filter>util\src</Filter>
    </ClCompile>
    <ClCompile Include="..\..\kantcpp\util\src\kt_timeprovider.cpp">
      <Filter>util\src</Filter>
    </ClCompile>
    <ClCompile Include="..\..\kantcpp\util\src\kt_logger.cpp">
      <Filter>util\src</Filter>
    </ClCompile>
    <ClCompile Include="..\..\kantcpp\util\src\kt_coroutine.cpp">
      <Filter>util\src</Filter>
    </ClCompile>
    <ClCompile Include="..\..\kantcpp\util\src\kt_timer.cpp">
      <Filter>util\src</Filter>
    </ClCompile>
    <ClCompile Include="..\..\kantcpp\util\src\kt_thread_pool.cpp">
      <Filter>util\src</Filter>
    </ClCompile>
    <ClCompile Include="..\..\kantcpp\util\src\kt_cron.cpp">
      <Filter>util\src</Filter>
    </ClCompile>
    <ClCompile Include="..\..\kantcpp\util\src\kt_socket.cpp">
      <Filter>util\src</Filter>
    </ClCompile>
    <ClCompile Include="..\..\kantcpp\util\src\kt_clientsocket.cpp">
      <Filter>util\src</Filter>
    </ClCompile>
    <ClCompile Include="..\..\kantcpp\util\src\kt_epoller.cpp">
      <Filter>util\src</Filter>
    </ClCompile>
    <ClCompile Include="..\..\kantcpp\util\src\epoll_windows\test\test.c">
      <Filter>util\src\epoll_windows\test</Filter>
    </ClCompile>
    <ClCompile Include="..\..\kantcpp\util\src\epoll_windows\src\epoll.cpp">
      <Filter>util\src\epoll_windows\src</Filter>
    </ClCompile>
    <ClCompile Include="..\..\kantcpp\util\src\kt_network_buffer.cpp">
      <Filter>util\src</Filter>
    </ClCompile>
    <ClCompile Include="..\..\kantcpp\util\src\kt_http.cpp">
      <Filter>util\src</Filter>
    </ClCompile>
    <ClCompile Include="..\..\kantcpp\util\src\kt_openssl.cpp">
      <Filter>util\src</Filter>
    </ClCompile>
    <ClCompile Include="..\..\kantcpp\util\src\kt_config.cpp">
      <Filter>util\src</Filter>
    </ClCompile>
    <ClCompile Include="..\..\kantcpp\tools\kant2cpp\main.cpp">
      <Filter>tools\kant2cpp</Filter>
    </ClCompile>
    <ClCompile Include="..\..\kantcpp\tools\kant2cpp\kant2cpp.cpp">
      <Filter>tools\kant2cpp</Filter>
    </ClCompile>
    <ClCompile Include="..\..\kantcpp\util\src\kt_md5.cpp">
      <Filter>util\src</Filter>
    </ClCompile>
    <ClCompile Include="..\..\kantcpp\util\src\kt_option.cpp">
      <Filter>util\src</Filter>
    </ClCompile>
    <ClCompile Include="..\..\kantcpp\tools\kantparse\element.cpp">
      <Filter>tools\kantparse</Filter>
    </ClCompile>
    <ClCompile Include="..\..\kantcpp\tools\kantparse\parse.cpp">
      <Filter>tools\kantparse</Filter>
    </ClCompile>
    <ClCompile Include="..\..\kantcpp\tools\kantparse\kant.lex.cpp">
      <Filter>tools\kantparse</Filter>
    </ClCompile>
    <ClCompile Include="..\..\kantcpp\tools\kantparse\kant.tab.cpp">
      <Filter>tools\kantparse</Filter>
    </ClCompile>
    <ClCompile Include="..\..\kantcpp\util\src\kt_json.cpp">
      <Filter>util\src</Filter>
    </ClCompile>
    <ClCompile Include="..\..\kantcpp\util\src\kt_xml.cpp">
      <Filter>util\src</Filter>
    </ClCompile>
    <ClCompile Include="..\..\kantcpp\servant\libservant\Global.cpp">
      <Filter>servant\libservant</Filter>
    </ClCompile>
    <ClCompile Include="..\..\kantcpp\servant\libservant\PropertyReport.cpp">
      <Filter>servant\libservant</Filter>
    </ClCompile>
    <ClCompile Include="..\..\kantcpp\servant\libservant\RemoteLogger.cpp">
      <Filter>servant\libservant</Filter>
    </ClCompile>
    <ClCompile Include="..\..\kantcpp\util\src\kt_epoll_server.cpp">
      <Filter>util\src</Filter>
    </ClCompile>
    <ClCompile Include="..\..\kantcpp\util\src\kt_transceiver.cpp">
      <Filter>util\src</Filter>
    </ClCompile>
    <ClCompile Include="..\..\kantcpp\util\src\kt_proxy_info.cpp">
      <Filter>util\src</Filter>
    </ClCompile>
    <ClCompile Include="..\..\kantcpp\util\src\kt_base64.cpp">
      <Filter>util\src</Filter>
    </ClCompile>
    <ClCompile Include="..\..\kantcpp\servant\libservant\Message.cpp">
      <Filter>servant\libservant</Filter>
    </ClCompile>
    <ClCompile Include="..\..\kantcpp\util\src\kt_thread_rwlock.cpp">
      <Filter>util\src</Filter>
    </ClCompile>
    <ClCompile Include="..\..\kantcpp\servant\libservant\RemoteConfig.cpp">
      <Filter>servant\libservant</Filter>
    </ClCompile>
    <ClCompile Include="..\..\kantcpp\servant\libservant\BaseNotify.cpp">
      <Filter>servant\libservant</Filter>
    </ClCompile>
    <ClCompile Include="..\..\kantcpp\servant\libservant\Application.cpp">
      <Filter>servant\libservant</Filter>
    </ClCompile>
    <ClCompile Include="..\..\kantcpp\servant\libservant\AdapterProxy.cpp">
      <Filter>servant\libservant</Filter>
    </ClCompile>
    <ClCompile Include="..\..\kantcpp\servant\libservant\EndpointManager.cpp">
      <Filter>servant\libservant</Filter>
    </ClCompile>
    <ClCompile Include="..\..\kantcpp\servant\libservant\AdminServant.cpp">
      <Filter>servant\libservant</Filter>
    </ClCompile>
    <ClCompile Include="..\..\kantcpp\servant\libservant\AppCache.cpp">
      <Filter>servant\libservant</Filter>
    </ClCompile>
    <ClCompile Include="..\..\kantcpp\servant\libservant\AppProtocol.cpp">
      <Filter>servant\libservant</Filter>
    </ClCompile>
    <ClCompile Include="..\..\kantcpp\servant\libservant\AsyncProcThread.cpp">
      <Filter>servant\libservant</Filter>
    </ClCompile>
    <ClCompile Include="..\..\kantcpp\servant\libservant\AuthLogic.cpp">
      <Filter>servant\libservant</Filter>
    </ClCompile>
    <ClCompile Include="..\..\kantcpp\util\src\kt_des.cpp">
      <Filter>util\include\util</Filter>
    </ClCompile>
    <ClCompile Include="..\..\kantcpp\util\src\kt_sha.cpp">
      <Filter>util\src</Filter>
    </ClCompile>
    <ClCompile Include="..\..\kantcpp\util\src\kt_shm.cpp">
      <Filter>util\src</Filter>
    </ClCompile>
    <ClCompile Include="..\..\kantcpp\util\src\kt_consistent_hash_new.cpp">
      <Filter>util\src</Filter>
    </ClCompile>
    <ClCompile Include="..\..\kantcpp\util\src\kt_grpc.cpp">
      <Filter>util\src</Filter>
    </ClCompile>
    <ClCompile Include="..\..\kantcpp\util\src\kt_http2.cpp">
      <Filter>util\src</Filter>
    </ClCompile>
    <ClCompile Include="..\..\kantcpp\servant\libservant\CommunicatorEpoll.cpp">
      <Filter>servant\libservant</Filter>
    </ClCompile>
    <ClCompile Include="..\..\kantcpp\servant\libservant\Current.cpp">
      <Filter>servant\libservant</Filter>
    </ClCompile>
    <ClCompile Include="..\..\kantcpp\servant\libservant\Communicator.cpp">
      <Filter>servant\libservant</Filter>
    </ClCompile>
    <ClCompile Include="..\..\kantcpp\servant\libservant\EndpointInfo.cpp">
      <Filter>servant\libservant</Filter>
    </ClCompile>
    <ClCompile Include="..\..\kantcpp\servant\libservant\KeepAliveNodeF.cpp">
      <Filter>servant\libservant</Filter>
    </ClCompile>
    <ClCompile Include="..\..\kantcpp\servant\libservant\NotifyObserver.cpp">
      <Filter>servant\libservant</Filter>
    </ClCompile>
    <ClCompile Include="..\..\kantcpp\servant\libservant\ObjectProxy.cpp">
      <Filter>servant\libservant</Filter>
    </ClCompile>
    <ClCompile Include="..\..\kantcpp\servant\libservant\RemoteNotify.cpp">
      <Filter>servant\libservant</Filter>
    </ClCompile>
    <ClCompile Include="..\..\kantcpp\servant\libservant\Servant.cpp">
      <Filter>servant\libservant</Filter>
    </ClCompile>
    <ClCompile Include="..\..\kantcpp\servant\libservant\ServantHelper.cpp">
      <Filter>servant\libservant</Filter>
    </ClCompile>
    <ClCompile Include="..\..\kantcpp\servant\libservant\ServantHandle.cpp">
      <Filter>servant\libservant</Filter>
    </ClCompile>
    <ClCompile Include="..\..\kantcpp\servant\libservant\ServantProxyFactory.cpp">
      <Filter>servant\libservant</Filter>
    </ClCompile>
    <ClCompile Include="..\..\kantcpp\servant\libservant\StatReport.cpp">
      <Filter>servant\libservant</Filter>
    </ClCompile>
    <ClCompile Include="..\..\kantcpp\servant\libservant\ServantProxy.cpp">
      <Filter>servant\libservant</Filter>
    </ClCompile>
    <ClCompile Include="..\..\kantcpp\examples\CoroutineDemo\AServer\AServantImp.cpp">
      <Filter>examples\CoroutineDemo\AServer</Filter>
    </ClCompile>
    <ClCompile Include="..\..\kantcpp\examples\CoroutineDemo\AServer\AServer.cpp">
      <Filter>examples\CoroutineDemo\AServer</Filter>
    </ClCompile>
    <ClCompile Include="..\..\kantcpp\examples\CoroutineDemo\BServer\BServantImp.cpp">
      <Filter>examples\CoroutineDemo\BServer</Filter>
    </ClCompile>
    <ClCompile Include="..\..\kantcpp\examples\CoroutineDemo\BServer\BServer.cpp">
      <Filter>examples\CoroutineDemo\BServer</Filter>
    </ClCompile>
    <ClCompile Include="..\..\kantcpp\examples\CoroutineDemo\client\main.cpp">
      <Filter>examples\CoroutineDemo\client</Filter>
    </ClCompile>
    <ClCompile Include="..\..\kantcpp\examples\CoroutineDemo\testParallelCoro\main.cpp">
      <Filter>examples\CoroutineDemo\testParallelCoro</Filter>
    </ClCompile>
    <ClCompile Include="..\..\kantcpp\examples\CoroutineDemo\testCoro\main.cpp">
      <Filter>examples\CoroutineDemo\testCoro</Filter>
    </ClCompile>
    <ClCompile Include="..\..\kantcpp\examples\AuthDemo\Client\main.cpp">
      <Filter>examples\AuthDemo\Client</Filter>
    </ClCompile>
    <ClCompile Include="..\..\kantcpp\examples\AuthDemo\Server\HelloImp.cpp">
      <Filter>examples\AuthDemo\Server</Filter>
    </ClCompile>
    <ClCompile Include="..\..\kantcpp\examples\AuthDemo\Server\HelloServer.cpp">
      <Filter>examples\AuthDemo\Server</Filter>
    </ClCompile>
  </ItemGroup>
  <ItemGroup>
    <None Include="..\..\kantcpp\util\src\asm\Jamfile.v2">
      <Filter>util\include\util\asm</Filter>
    </None>
    <None Include="..\..\kantcpp\util\src\asm\jump_arm_aapcs_elf_gas.S">
      <Filter>util\include\util\asm</Filter>
    </None>
    <None Include="..\..\kantcpp\util\src\asm\jump_arm_aapcs_macho_gas.S">
      <Filter>util\include\util\asm</Filter>
    </None>
    <None Include="..\..\kantcpp\util\src\asm\jump_arm_aapcs_pe_armasm.asm">
      <Filter>util\include\util\asm</Filter>
    </None>
    <None Include="..\..\kantcpp\util\src\asm\jump_arm64_aapcs_elf_gas.S">
      <Filter>util\include\util\asm</Filter>
    </None>
    <None Include="..\..\kantcpp\util\src\asm\jump_arm64_aapcs_macho_gas.S">
      <Filter>util\include\util\asm</Filter>
    </None>
    <None Include="..\..\kantcpp\util\src\asm\jump_combined_sysv_macho_gas.S">
      <Filter>util\include\util\asm</Filter>
    </None>
    <None Include="..\..\kantcpp\util\src\asm\jump_i386_ms_pe_gas.asm">
      <Filter>util\include\util\asm</Filter>
    </None>
    <None Include="..\..\kantcpp\util\src\asm\jump_i386_ms_pe_masm.asm">
      <Filter>util\include\util\asm</Filter>
    </None>
    <None Include="..\..\kantcpp\util\src\asm\jump_i386_sysv_elf_gas.S">
      <Filter>util\include\util\asm</Filter>
    </None>
    <None Include="..\..\kantcpp\util\src\asm\jump_i386_sysv_macho_gas.S">
      <Filter>util\include\util\asm</Filter>
    </None>
    <None Include="..\..\kantcpp\util\src\asm\jump_i386_x86_64_sysv_macho_gas.S">
      <Filter>util\include\util\asm</Filter>
    </None>
    <None Include="..\..\kantcpp\util\src\asm\jump_mips32_o32_elf_gas.S">
      <Filter>util\include\util\asm</Filter>
    </None>
    <None Include="..\..\kantcpp\util\src\asm\jump_ppc32_ppc64_sysv_macho_gas.S">
      <Filter>util\include\util\asm</Filter>
    </None>
    <None Include="..\..\kantcpp\util\src\asm\jump_ppc32_sysv_elf_gas.S">
      <Filter>util\include\util\asm</Filter>
    </None>
    <None Include="..\..\kantcpp\util\src\asm\jump_ppc32_sysv_macho_gas.S">
      <Filter>util\include\util\asm</Filter>
    </None>
    <None Include="..\..\kantcpp\util\src\asm\jump_ppc32_sysv_xcoff_gas.S">
      <Filter>util\include\util\asm</Filter>
    </None>
    <None Include="..\..\kantcpp\util\src\asm\jump_ppc64_sysv_elf_gas.S">
      <Filter>util\include\util\asm</Filter>
    </None>
    <None Include="..\..\kantcpp\util\src\asm\jump_ppc64_sysv_macho_gas.S">
      <Filter>util\include\util\asm</Filter>
    </None>
    <None Include="..\..\kantcpp\util\src\asm\jump_ppc64_sysv_xcoff_gas.S">
      <Filter>util\include\util\asm</Filter>
    </None>
    <None Include="..\..\kantcpp\util\src\asm\jump_x86_64_ms_pe_gas.asm">
      <Filter>util\include\util\asm</Filter>
    </None>
    <None Include="..\..\kantcpp\util\src\asm\jump_x86_64_sysv_elf_gas.S">
      <Filter>util\include\util\asm</Filter>
    </None>
    <None Include="..\..\kantcpp\util\src\asm\jump_x86_64_sysv_macho_gas.S">
      <Filter>util\include\util\asm</Filter>
    </None>
    <None Include="..\..\kantcpp\util\src\asm\make_arm_aapcs_elf_gas.S">
      <Filter>util\include\util\asm</Filter>
    </None>
    <None Include="..\..\kantcpp\util\src\asm\make_arm_aapcs_macho_gas.S">
      <Filter>util\include\util\asm</Filter>
    </None>
    <None Include="..\..\kantcpp\util\src\asm\make_arm_aapcs_pe_armasm.asm">
      <Filter>util\include\util\asm</Filter>
    </None>
    <None Include="..\..\kantcpp\util\src\asm\make_arm64_aapcs_elf_gas.S">
      <Filter>util\include\util\asm</Filter>
    </None>
    <None Include="..\..\kantcpp\util\src\asm\make_arm64_aapcs_macho_gas.S">
      <Filter>util\include\util\asm</Filter>
    </None>
    <None Include="..\..\kantcpp\util\src\asm\make_combined_sysv_macho_gas.S">
      <Filter>util\include\util\asm</Filter>
    </None>
    <None Include="..\..\kantcpp\util\src\asm\make_i386_ms_pe_gas.asm">
      <Filter>util\include\util\asm</Filter>
    </None>
    <None Include="..\..\kantcpp\util\src\asm\make_i386_ms_pe_masm.asm">
      <Filter>util\include\util\asm</Filter>
    </None>
    <None Include="..\..\kantcpp\util\src\asm\make_i386_sysv_elf_gas.S">
      <Filter>util\include\util\asm</Filter>
    </None>
    <None Include="..\..\kantcpp\util\src\asm\make_i386_sysv_macho_gas.S">
      <Filter>util\include\util\asm</Filter>
    </None>
    <None Include="..\..\kantcpp\util\src\asm\make_i386_x86_64_sysv_macho_gas.S">
      <Filter>util\include\util\asm</Filter>
    </None>
    <None Include="..\..\kantcpp\util\src\asm\make_mips32_o32_elf_gas.S">
      <Filter>util\include\util\asm</Filter>
    </None>
    <None Include="..\..\kantcpp\util\src\asm\make_ppc32_ppc64_sysv_macho_gas.S">
      <Filter>util\include\util\asm</Filter>
    </None>
    <None Include="..\..\kantcpp\util\src\asm\make_ppc32_sysv_elf_gas.S">
      <Filter>util\include\util\asm</Filter>
    </None>
    <None Include="..\..\kantcpp\util\src\asm\make_ppc32_sysv_macho_gas.S">
      <Filter>util\include\util\asm</Filter>
    </None>
    <None Include="..\..\kantcpp\util\src\asm\make_ppc32_sysv_xcoff_gas.S">
      <Filter>util\include\util\asm</Filter>
    </None>
    <None Include="..\..\kantcpp\util\src\asm\make_ppc64_sysv_elf_gas.S">
      <Filter>util\include\util\asm</Filter>
    </None>
    <None Include="..\..\kantcpp\util\src\asm\make_ppc64_sysv_macho_gas.S">
      <Filter>util\include\util\asm</Filter>
    </None>
    <None Include="..\..\kantcpp\util\src\asm\make_ppc64_sysv_xcoff_gas.S">
      <Filter>util\include\util\asm</Filter>
    </None>
    <None Include="..\..\kantcpp\util\src\asm\make_x86_64_ms_pe_gas.asm">
      <Filter>util\include\util\asm</Filter>
    </None>
    <None Include="..\..\kantcpp\util\src\asm\make_x86_64_sysv_elf_gas.S">
      <Filter>util\include\util\asm</Filter>
    </None>
    <None Include="..\..\kantcpp\util\src\asm\make_x86_64_sysv_macho_gas.S">
      <Filter>util\include\util\asm</Filter>
    </None>
    <None Include="..\..\kantcpp\util\src\asm\ontop_arm_aapcs_elf_gas.S">
      <Filter>util\include\util\asm</Filter>
    </None>
    <None Include="..\..\kantcpp\util\src\asm\ontop_arm_aapcs_macho_gas.S">
      <Filter>util\include\util\asm</Filter>
    </None>
    <None Include="..\..\kantcpp\util\src\asm\ontop_arm_aapcs_pe_armasm.asm">
      <Filter>util\include\util\asm</Filter>
    </None>
    <None Include="..\..\kantcpp\util\src\asm\ontop_arm64_aapcs_elf_gas.S">
      <Filter>util\include\util\asm</Filter>
    </None>
    <None Include="..\..\kantcpp\util\src\asm\ontop_arm64_aapcs_macho_gas.S">
      <Filter>util\include\util\asm</Filter>
    </None>
    <None Include="..\..\kantcpp\util\src\asm\ontop_combined_sysv_macho_gas.S">
      <Filter>util\include\util\asm</Filter>
    </None>
    <None Include="..\..\kantcpp\util\src\asm\ontop_i386_ms_pe_gas.asm">
      <Filter>util\include\util\asm</Filter>
    </None>
    <None Include="..\..\kantcpp\util\src\asm\ontop_i386_ms_pe_masm.asm">
      <Filter>util\include\util\asm</Filter>
    </None>
    <None Include="..\..\kantcpp\util\src\asm\ontop_i386_sysv_elf_gas.S">
      <Filter>util\include\util\asm</Filter>
    </None>
    <None Include="..\..\kantcpp\util\src\asm\ontop_i386_sysv_macho_gas.S">
      <Filter>util\include\util\asm</Filter>
    </None>
    <None Include="..\..\kantcpp\util\src\asm\ontop_i386_x86_64_sysv_macho_gas.S">
      <Filter>util\include\util\asm</Filter>
    </None>
    <None Include="..\..\kantcpp\util\src\asm\ontop_mips32_o32_elf_gas.S">
      <Filter>util\include\util\asm</Filter>
    </None>
    <None Include="..\..\kantcpp\util\src\asm\ontop_ppc32_ppc64_sysv_macho_gas.S">
      <Filter>util\include\util\asm</Filter>
    </None>
    <None Include="..\..\kantcpp\util\src\asm\ontop_ppc32_sysv_elf_gas.S">
      <Filter>util\include\util\asm</Filter>
    </None>
    <None Include="..\..\kantcpp\util\src\asm\ontop_ppc32_sysv_macho_gas.S">
      <Filter>util\include\util\asm</Filter>
    </None>
    <None Include="..\..\kantcpp\util\src\asm\ontop_ppc32_sysv_xcoff_gas.S">
      <Filter>util\include\util\asm</Filter>
    </None>
    <None Include="..\..\kantcpp\util\src\asm\ontop_ppc64_sysv_elf_gas.S">
      <Filter>util\include\util\asm</Filter>
    </None>
    <None Include="..\..\kantcpp\util\src\asm\ontop_ppc64_sysv_macho_gas.S">
      <Filter>util\include\util\asm</Filter>
    </None>
    <None Include="..\..\kantcpp\util\src\asm\ontop_ppc64_sysv_xcoff_gas.S">
      <Filter>util\include\util\asm</Filter>
    </None>
    <None Include="..\..\kantcpp\util\src\asm\ontop_x86_64_ms_pe_gas.asm">
      <Filter>util\include\util\asm</Filter>
    </None>
    <None Include="..\..\kantcpp\util\src\asm\ontop_x86_64_ms_pe_masm.asm">
      <Filter>util\include\util\asm</Filter>
    </None>
    <None Include="..\..\kantcpp\util\src\asm\ontop_x86_64_sysv_elf_gas.S">
      <Filter>util\include\util\asm</Filter>
    </None>
    <None Include="..\..\kantcpp\util\src\asm\ontop_x86_64_sysv_macho_gas.S">
      <Filter>util\include\util\asm</Filter>
    </None>
    <None Include="..\..\kantcpp\tools\kantgrammar\kant.l">
      <Filter>tools\kantgrammar</Filter>
    </None>
    <None Include="..\..\kantcpp\tools\kantgrammar\kant.y">
      <Filter>tools\kantgrammar</Filter>
    </None>
    <None Include="..\..\kantcpp\servant\tup\RequestF.kant">
      <Filter>servant\tup</Filter>
    </None>
    <None Include="..\..\kantcpp\servant\protocol\servant\AdminF.kant">
      <Filter>servant\protocol\servant</Filter>
    </None>
    <None Include="..\..\kantcpp\servant\protocol\servant\AuthF.kant">
      <Filter>servant\protocol\servant</Filter>
    </None>
    <None Include="..\..\kantcpp\servant\protocol\servant\BaseF.kant">
      <Filter>servant\protocol\servant</Filter>
    </None>
    <None Include="..\..\kantcpp\servant\protocol\servant\EndpointF.kant">
      <Filter>servant\protocol\servant</Filter>
    </None>
    <None Include="..\..\kantcpp\servant\protocol\servant\ConfigF.kant">
      <Filter>servant\protocol\servant</Filter>
    </None>
    <None Include="..\..\kantcpp\servant\protocol\servant\NodeF.kant">
      <Filter>servant\protocol\servant</Filter>
    </None>
    <None Include="..\..\kantcpp\servant\protocol\servant\NotifyF.kant">
      <Filter>servant\protocol\servant</Filter>
    </None>
    <None Include="..\..\kantcpp\servant\protocol\servant\PropertyF.kant">
      <Filter>servant\protocol\servant</Filter>
    </None>
    <None Include="..\..\kantcpp\servant\protocol\servant\QueryF.kant">
      <Filter>servant\protocol\servant</Filter>
    </None>
    <None Include="..\..\kantcpp\servant\protocol\servant\StatF.kant">
      <Filter>servant\protocol\servant</Filter>
    </None>
    <None Include="..\..\kantcpp\servant\protocol\servant\LogF.kant">
      <Filter>servant\protocol\servant</Filter>
    </None>
    <None Include="..\..\kantcpp\examples\CoroutineDemo\AServer\config.conf">
      <Filter>examples\CoroutineDemo\AServer</Filter>
    </None>
    <None Include="..\..\kantcpp\examples\CoroutineDemo\BServer\config.conf">
      <Filter>examples\CoroutineDemo\BServer</Filter>
    </None>
    <None Include="..\..\kantcpp\examples\CoroutineDemo\AServer\AServant.kant">
      <Filter>examples\CoroutineDemo\AServer</Filter>
    </None>
    <None Include="..\..\kantcpp\examples\CoroutineDemo\BServer\BServant.kant">
      <Filter>examples\CoroutineDemo\BServer</Filter>
    </None>
    <None Include="..\..\kantcpp\examples\CoroutineDemo\README.md">
      <Filter>examples\CoroutineDemo</Filter>
    </None>
    <None Include="..\..\kantcpp\cmake\Common.cmake">
      <Filter>cmake</Filter>
    </None>
    <None Include="..\..\kantcpp\cmake\ParseAsm.cmake">
      <Filter>cmake</Filter>
    </None>
    <None Include="..\..\kantcpp\cmake\Thirdparty.cmake">
      <Filter>cmake</Filter>
    </None>
    <None Include="..\..\kantcpp\cmake\BuildKantCpp.cmake">
      <Filter>cmake</Filter>
    </None>
    <None Include="..\..\kantcpp\examples\AuthDemo\Client\config.conf">
      <Filter>examples\AuthDemo\Client</Filter>
    </None>
    <None Include="..\..\kantcpp\examples\AuthDemo\Server\config.conf">
      <Filter>examples\AuthDemo\Server</Filter>
    </None>
    <None Include="..\..\kantcpp\examples\scripts\run-auth.bat">
      <Filter>examples\scripts</Filter>
    </None>
    <None Include="..\..\kantcpp\examples\scripts\run-auth.sh">
      <Filter>examples\scripts</Filter>
    </None>
    <None Include="..\..\kantcpp\examples\scripts\run-co.bat">
      <Filter>examples\scripts</Filter>
    </None>
    <None Include="..\..\kantcpp\examples\scripts\run-co.sh">
      <Filter>examples\scripts</Filter>
    </None>
    <None Include="..\..\kantcpp\examples\scripts\run-custom.bat">
      <Filter>examples\scripts</Filter>
    </None>
    <None Include="..\..\kantcpp\examples\scripts\run-custom.sh">
      <Filter>examples\scripts</Filter>
    </None>
    <None Include="..\..\kantcpp\examples\scripts\run-http.bat">
      <Filter>examples\scripts</Filter>
    </None>
    <None Include="..\..\kantcpp\examples\scripts\run-http.sh">
      <Filter>examples\scripts</Filter>
    </None>
    <None Include="..\..\kantcpp\examples\scripts\run-http2.bat">
      <Filter>examples\scripts</Filter>
    </None>
    <None Include="..\..\kantcpp\examples\scripts\run-http2.sh">
      <Filter>examples\scripts</Filter>
    </None>
    <None Include="..\..\kantcpp\examples\scripts\run-kill.bat">
      <Filter>examples\scripts</Filter>
    </None>
    <None Include="..\..\kantcpp\examples\scripts\run-kill.sh">
      <Filter>examples\scripts</Filter>
    </None>
    <None Include="..\..\kantcpp\examples\scripts\run-push.bat">
      <Filter>examples\scripts</Filter>
    </None>
    <None Include="..\..\kantcpp\examples\scripts\run-push.sh">
      <Filter>examples\scripts</Filter>
    </None>
    <None Include="..\..\kantcpp\examples\scripts\run-quick-start.bat">
      <Filter>examples\scripts</Filter>
    </None>
    <None Include="..\..\kantcpp\examples\scripts\run-quick-start.sh">
      <Filter>examples\scripts</Filter>
    </None>
    <None Include="..\..\kantcpp\examples\scripts\run-ssl.bat">
      <Filter>examples\scripts</Filter>
    </None>
    <None Include="..\..\kantcpp\examples\scripts\run-ssl.sh">
      <Filter>examples\scripts</Filter>
    </None>
    <None Include="..\..\kantcpp\examples\scripts\run-udp.bat">
      <Filter>examples\scripts</Filter>
    </None>
    <None Include="..\..\kantcpp\examples\scripts\run-udp.sh">
      <Filter>examples\scripts</Filter>
    </None>
    <None Include="..\..\kantcpp\examples\AuthDemo\Server\Hello.kant">
      <Filter>examples\AuthDemo\Server</Filter>
    </None>
  </ItemGroup>
  <ItemGroup>
    <Text Include="..\..\kantcpp\CMakeLists.txt" />
    <Text Include="..\..\kantcpp\util\CMakeLists.txt">
      <Filter>util</Filter>
    </Text>
    <Text Include="..\..\kantcpp\util\src\CMakeLists.txt">
      <Filter>util\src</Filter>
    </Text>
    <Text Include="..\..\kantcpp\tools\kant2cpp\CMakeLists.txt">
      <Filter>tools\kant2cpp</Filter>
    </Text>
    <Text Include="..\..\kantcpp\tools\kantparse\CMakeLists.txt">
      <Filter>tools\kantparse</Filter>
    </Text>
    <Text Include="..\..\kantcpp\tools\kantgrammar\CMakeLists.txt">
      <Filter>tools\kantgrammar</Filter>
    </Text>
    <Text Include="..\..\kantcpp\tools\CMakeLists.txt">
      <Filter>tools</Filter>
    </Text>
    <Text Include="..\..\kantcpp\servant\tup\CMakeLists.txt">
      <Filter>servant\tup</Filter>
    </Text>
    <Text Include="..\..\kantcpp\servant\protocol\servant\CMakeLists.txt">
      <Filter>servant\protocol\servant</Filter>
    </Text>
    <Text Include="..\..\kantcpp\servant\CMakeLists.txt">
      <Filter>servant</Filter>
    </Text>
    <Text Include="..\..\kantcpp\util\include\CMakeLists.txt">
      <Filter>util\include</Filter>
    </Text>
    <Text Include="..\..\kantcpp\servant\libservant\CMakeLists.txt">
      <Filter>servant\libservant</Filter>
    </Text>
    <Text Include="..\..\kantcpp\examples\CoroutineDemo\AServer\CMakeLists.txt">
      <Filter>examples\CoroutineDemo\AServer</Filter>
    </Text>
    <Text Include="..\..\kantcpp\examples\CoroutineDemo\BServer\CMakeLists.txt">
      <Filter>examples\CoroutineDemo\BServer</Filter>
    </Text>
    <Text Include="..\..\kantcpp\examples\CoroutineDemo\client\CMakeLists.txt">
      <Filter>examples\CoroutineDemo\client</Filter>
    </Text>
    <Text Include="..\..\kantcpp\examples\CoroutineDemo\testCoro\CMakeLists.txt">
      <Filter>examples\CoroutineDemo\testCoro</Filter>
    </Text>
    <Text Include="..\..\kantcpp\examples\CoroutineDemo\testParallelCoro\CMakeLists.txt">
      <Filter>examples\CoroutineDemo\testParallelCoro</Filter>
    </Text>
    <Text Include="..\..\kantcpp\examples\CMakeLists.txt">
      <Filter>examples</Filter>
    </Text>
    <Text Include="..\..\kantcpp\examples\CoroutineDemo\CMakeLists.txt">
      <Filter>examples\CoroutineDemo</Filter>
    </Text>
    <Text Include="..\..\kantcpp\examples\AuthDemo\CMakeLists.txt">
      <Filter>examples\AuthDemo</Filter>
    </Text>
    <Text Include="..\..\kantcpp\examples\AuthDemo\Client\CMakeLists.txt">
      <Filter>examples\AuthDemo\Client</Filter>
    </Text>
    <Text Include="..\..\kantcpp\examples\AuthDemo\Server\CMakeLists.txt">
      <Filter>examples\AuthDemo\Server</Filter>
    </Text>
  </ItemGroup>
  <ItemGroup>
    <MASM Include="..\..\kantcpp\util\src\asm\jump_x86_64_ms_pe_masm.asm">
      <Filter>util\include\util\asm</Filter>
    </MASM>
    <MASM Include="..\..\kantcpp\util\src\asm\make_x86_64_ms_pe_masm.asm">
      <Filter>util\include\util\asm</Filter>
    </MASM>
  </ItemGroup>
</Project>